{
  "requires": true,
  "lockfileVersion": 1,
  "dependencies": {
    "@angular/material": {
      "version": "2.0.0-alpha.9-3",
      "resolved": "https://registry.npmjs.org/@angular/material/-/material-2.0.0-alpha.9-3.tgz",
      "integrity": "sha1-d+D2p5AGmyudSL/z6reLWlnSRKA=",
      "requires": {
        "@types/hammerjs": "2.0.35"
      }
    },
    "@types/hammerjs": {
      "version": "2.0.35",
      "resolved": "https://registry.npmjs.org/@types/hammerjs/-/hammerjs-2.0.35.tgz",
      "integrity": "sha512-4mUIMSZ2U4UOWq1b+iV7XUTE4w+Kr3x+Zb/Qz5ROO6BTZLw2c8/ftjq0aRgluguLs4KRuBnrOy/s389HVn1/zA=="
    },
    "jquery": {
      "version": "2.2.4",
      "resolved": "https://registry.npmjs.org/jquery/-/jquery-2.2.4.tgz",
      "integrity": "sha1-LInWiJterFIqfuoywUUhVZxsvwI="
    },
    "lodash": {
      "version": "4.16.4",
      "resolved": "https://registry.npmjs.org/lodash/-/lodash-4.16.4.tgz",
      "integrity": "sha1-Ac4wa5utExnypVKGdPiCl663ASc="
    },
    "ng2-pickadate": {
      "version": "0.3.30",
      "resolved": "https://registry.npmjs.org/ng2-pickadate/-/ng2-pickadate-0.3.30.tgz",
      "integrity": "sha1-Cx7Auy2TaxCf53NqQL5fACSWVyg=",
      "requires": {
        "@angular/material": "2.0.0-alpha.9-3",
        "jquery": "2.2.4",
        "lodash": "4.16.4",
        "moment": "2.15.2",
        "pickadate": "3.5.6"
      },
      "dependencies": {
        "moment": {
          "version": "2.15.2",
          "resolved": "https://registry.npmjs.org/moment/-/moment-2.15.2.tgz",
          "integrity": "sha1-G/3t9qbjRfMi/pVtXfW9CKjOhNw="
        }
      }
    },
    "pickadate": {
      "version": "3.5.6",
      "resolved": "https://registry.npmjs.org/pickadate/-/pickadate-3.5.6.tgz",
      "integrity": "sha1-yZgwI0O3mhmVT8ScRcxwg0dgKAY=",
      "requires": {
        "jquery": "2.2.4"
      }
    }
  }
}
